
Microsoft Visual Studio Solution File, Format Version 12.00
# Visual Studio Version 17
VisualStudioVersion = 17.4.33213.308
MinimumVisualStudioVersion = 10.0.40219.1
Project("{FAE04EC0-301F-11D3-BF4B-00C04F79EFBC}") = "ChatAI.Dotnet", "ChatAI.Dotnet\ChatAI.Dotnet.csproj", "{54AE64B5-397F-4842-B783-93BA4EAF125B}"
EndProject
Project("{9A19103F-16F7-4668-BE54-9A1E7A4F7556}") = "OpenAI_API", "OpenAI-API-dotnet\OpenAI_API\OpenAI_API.csproj", "{45302CB2-12D4-41C6-8674-9D758CE52FA6}"
EndProject
Global
	GlobalSection(SolutionConfigurationPlatforms) = preSolution
		Debug|Any CPU = Debug|Any CPU
		Release|Any CPU = Release|Any CPU
	EndGlobalSection
	GlobalSection(ProjectConfigurationPlatforms) = postSolution
		{54AE64B5-397F-4842-B783-93BA4EAF125B}.Debug|Any CPU.ActiveCfg = Debug|Any CPU
		{54AE64B5-397F-4842-B783-93BA4EAF125B}.Debug|Any CPU.Build.0 = Debug|Any CPU
		{54AE64B5-397F-4842-B783-93BA4EAF125B}.Release|Any CPU.ActiveCfg = Release|Any CPU
		{54AE64B5-397F-4842-B783-93BA4EAF125B}.Release|Any CPU.Build.0 = Release|Any CPU
		{45302CB2-12D4-41C6-8674-9D758CE52FA6}.Debug|Any CPU.ActiveCfg = Debug|Any CPU
		{45302CB2-12D4-41C6-8674-9D758CE52FA6}.Debug|Any CPU.Build.0 = Debug|Any CPU
		{45302CB2-12D4-41C6-8674-9D758CE52FA6}.Release|Any CPU.ActiveCfg = Release|Any CPU
		{45302CB2-12D4-41C6-8674-9D758CE52FA6}.Release|Any CPU.Build.0 = Release|Any CPU
	EndGlobalSection
	GlobalSection(SolutionProperties) = preSolution
		HideSolutionNode = FALSE
	EndGlobalSection
	GlobalSection(ExtensibilityGlobals) = postSolution
		SolutionGuid = {FD1021CC-8EE3-4184-A77D-B9AFA21054BA}
	EndGlobalSection
EndGlobal
